<Solution>
  <Project Path="src/Lazuar.Api/Lazuar.Api.csproj" />
  <Folder Name="/BuildingBlocks/">
    <Project Path="BuildingBlocks/Domain/BuildingBlocks.Domain.csproj" />
    <Project Path="BuildingBlocks/Application/BuildingBlocks.Application.csproj" />
    <Project Path="BuildingBlocks/Infrastructure/BuildingBlocks.Infrastructure.csproj" />
  </Folder>
  <Folder Name="/SharedKernel/">
    <Project Path="SharedKernel/SharedKernel.csproj" />
  </Folder>
  <Folder Name="/Modules/">
    <Folder Name="/Modules/Community/">
      <Project Path="Modules/Community/Contracts/Modules.Community.Contracts.csproj" />
      <Project Path="Modules/Community/Domain/Modules.Community.Domain.csproj" />
      <Project Path="Modules/Community/Application/Modules.Community.Application.csproj" />
      <Project Path="Modules/Community/Infrastructure/Modules.Community.Infrastructure.csproj" />
    </Folder>
    <Folder Name="/Modules/CRM/">
      <Project Path="Modules/CRM/Domain/Modules.CRM.Domain.csproj" />
      <Project Path="Modules/CRM/Contracts/Modules.CRM.Contracts.csproj" />
      <Project Path="Modules/CRM/Infrastructure/Modules.CRM.Infrastructure.csproj" />
    </Folder>
    <Folder Name="/Modules/Messaging/">
      <Project Path="Modules/Messaging/Contracts/Modules.Messaging.Contracts.csproj" />
      <Project Path="Modules/Messaging/Domain/Modules.Messaging.Domain.csproj" />
      <Project Path="Modules/Messaging/Application/Modules.Messaging.Application.csproj" />
      <Project Path="Modules/Messaging/Infrastructure/Modules.Messaging.Infrastructure.csproj" />
    </Folder>
    <Folder Name="/Modules/Payments/">
      <Project Path="Modules/Payments/Contracts/Modules.Payments.Contracts.csproj" />
      <Project Path="Modules/Payments/Domain/Modules.Payments.Domain.csproj" />
      <Project Path="Modules/Payments/Application/Modules.Payments.Application.csproj" />
      <Project Path="Modules/Payments/Infrastructure/Modules.Payments.Infrastructure.csproj" />
    </Folder>
    <Folder Name="/Modules/Tenant/">
      <Project Path="Modules/Tenant/Contracts/Modules.Tenant.Contracts.csproj" />
      <Project Path="Modules/Tenant/Domain/Modules.Tenant.Domain.csproj" />
      <Project Path="Modules/Tenant/Application/Modules.Tenant.Application.csproj" />
      <Project Path="Modules/Tenant/Infrastructure/Modules.Tenant.Infrastructure.csproj" />
    </Folder>
    <Folder Name="/Modules/UserAccess/">
      <Project Path="Modules/UserAccess/Domain/Modules.UserAccess.Domain.csproj" />
    </Folder>
  </Folder>
  <Folder Name="/Tests/">
    <Project Path="tests/Lazuar.ArchitectureTests/Lazuar.ArchitectureTests.csproj" />
  </Folder>
  <Project Path="../../packages/api-types-dotnet/Lazuar.ApiContracts.csproj" />
</Solution>
